
Microsoft Visual Studio Solution File, Format Version 12.00
# Visual Studio Version 17
VisualStudioVersion = 17.7.34221.43
MinimumVisualStudioVersion = 10.0.40219.1
Project("{FAE04EC0-301F-11D3-BF4B-00C04F79EFBC}") = "NewEOSR", "NewEOSR\NewEOSR.csproj", "{7BC1F4D2-988D-40B6-A26C-025D9B0DAD73}"
EndProject
Global
	GlobalSection(SolutionConfigurationPlatforms) = preSolution
		Debug|Any CPU = Debug|Any CPU
		Release|Any CPU = Release|Any CPU
	EndGlobalSection
	GlobalSection(ProjectConfigurationPlatforms) = postSolution
		{7BC1F4D2-988D-40B6-A26C-025D9B0DAD73}.Debug|Any CPU.ActiveCfg = Debug|Any CPU
		{7BC1F4D2-988D-40B6-A26C-025D9B0DAD73}.Debug|Any CPU.Build.0 = Debug|Any CPU
		{7BC1F4D2-988D-40B6-A26C-025D9B0DAD73}.Release|Any CPU.ActiveCfg = Release|Any CPU
		{7BC1F4D2-988D-40B6-A26C-025D9B0DAD73}.Release|Any CPU.Build.0 = Release|Any CPU
	EndGlobalSection
	GlobalSection(SolutionProperties) = preSolution
		HideSolutionNode = FALSE
	EndGlobalSection
	GlobalSection(ExtensibilityGlobals) = postSolution
		SolutionGuid = {124E9C8F-9391-41C0-856D-E88C961208DC}
	EndGlobalSection
EndGlobal
